
Microsoft Visual Studio Solution File, Format Version 12.00
# Visual Studio Version 16
VisualStudioVersion = 16.0.30517.126
MinimumVisualStudioVersion = 10.0.40219.1
Project("{FAE04EC0-301F-11D3-BF4B-00C04F79EFBC}") = "IngredientsLib", "IngredientsLib\IngredientsLib.csproj", "{452CF3A0-F218-413B-9264-F63F6EEA16EA}"
EndProject
Project("{FAE04EC0-301F-11D3-BF4B-00C04F79EFBC}") = "BakeryProdsLib", "BakeryProdsLib\BakeryProdsLib.csproj", "{07406EC3-9EB9-4FB6-9AF6-DDAD063CC251}"
EndProject
Global
	GlobalSection(SolutionConfigurationPlatforms) = preSolution
		Debug|Any CPU = Debug|Any CPU
		Release|Any CPU = Release|Any CPU
	EndGlobalSection
	GlobalSection(ProjectConfigurationPlatforms) = postSolution
		{452CF3A0-F218-413B-9264-F63F6EEA16EA}.Debug|Any CPU.ActiveCfg = Debug|Any CPU
		{452CF3A0-F218-413B-9264-F63F6EEA16EA}.Debug|Any CPU.Build.0 = Debug|Any CPU
		{452CF3A0-F218-413B-9264-F63F6EEA16EA}.Release|Any CPU.ActiveCfg = Release|Any CPU
		{452CF3A0-F218-413B-9264-F63F6EEA16EA}.Release|Any CPU.Build.0 = Release|Any CPU
		{07406EC3-9EB9-4FB6-9AF6-DDAD063CC251}.Debug|Any CPU.ActiveCfg = Debug|Any CPU
		{07406EC3-9EB9-4FB6-9AF6-DDAD063CC251}.Debug|Any CPU.Build.0 = Debug|Any CPU
		{07406EC3-9EB9-4FB6-9AF6-DDAD063CC251}.Release|Any CPU.ActiveCfg = Release|Any CPU
		{07406EC3-9EB9-4FB6-9AF6-DDAD063CC251}.Release|Any CPU.Build.0 = Release|Any CPU
	EndGlobalSection
	GlobalSection(SolutionProperties) = preSolution
		HideSolutionNode = FALSE
	EndGlobalSection
	GlobalSection(ExtensibilityGlobals) = postSolution
		SolutionGuid = {D7259C45-60AB-444F-8AE5-D23F50AF0184}
	EndGlobalSection
EndGlobal
